PODS:
  - Alamofire (5.6.4)
  - SDWebImage (5.14.2):
    - SDWebImage/Core (= 5.14.2)
  - SDWebImage/Core (5.14.2)
  - SnapKit (5.6.0)
  - Then (3.0.0)

DEPENDENCIES:
  - Alamofire
  - SDWebImage
  - SnapKit
  - Then

SPEC REPOS:
  trunk:
    - Alamofire
    - SDWebImage
    - SnapKit
    - Then

SPEC CHECKSUMS:
  Alamofire: 4e95d97098eacb88856099c4fc79b526a299e48c
  SDWebImage: b9a731e1d6307f44ca703b3976d18c24ca561e84
  SnapKit: e01d52ebb8ddbc333eefe2132acf85c8227d9c25
  Then: 844265ae87834bbe1147d91d5d41a404da2ec27d

PODFILE CHECKSUM: 877cd8bae881e2669192f152230e7ac75e6d3a4a

COCOAPODS: 1.11.3
